
Microsoft Visual Studio Solution File, Format Version 12.00
# Visual Studio Version 17
VisualStudioVersion = 17.4.33213.308
MinimumVisualStudioVersion = 10.0.40219.1
Project("{FAE04EC0-301F-11D3-BF4B-00C04F79EFBC}") = "Atacadao", "Atacadao.csproj", "{7C8A590C-7216-4566-9418-87535D5560F4}"
EndProject
Global
	GlobalSection(SolutionConfigurationPlatforms) = preSolution
		Debug|Any CPU = Debug|Any CPU
		Release|Any CPU = Release|Any CPU
	EndGlobalSection
	GlobalSection(ProjectConfigurationPlatforms) = postSolution
		{7C8A590C-7216-4566-9418-87535D5560F4}.Debug|Any CPU.ActiveCfg = Debug|Any CPU
		{7C8A590C-7216-4566-9418-87535D5560F4}.Debug|Any CPU.Build.0 = Debug|Any CPU
		{7C8A590C-7216-4566-9418-87535D5560F4}.Release|Any CPU.ActiveCfg = Release|Any CPU
		{7C8A590C-7216-4566-9418-87535D5560F4}.Release|Any CPU.Build.0 = Release|Any CPU
	EndGlobalSection
	GlobalSection(SolutionProperties) = preSolution
		HideSolutionNode = FALSE
	EndGlobalSection
	GlobalSection(ExtensibilityGlobals) = postSolution
		SolutionGuid = {C51897A2-1676-4E63-B94D-9FFAE4F0B9F1}
	EndGlobalSection
EndGlobal
